
Microsoft Visual Studio Solution File, Format Version 12.00
# Visual Studio Version 16
VisualStudioVersion = 16.0.30114.105
MinimumVisualStudioVersion = 10.0.40219.1
Project("{FAE04EC0-301F-11D3-BF4B-00C04F79EFBC}") = "iOSSample", "iOSSample\iOSSample.csproj", "{453858E5-5B44-413D-BF03-16572D081FB8}"
EndProject
Global
	GlobalSection(SolutionConfigurationPlatforms) = preSolution
		Debug|iPhone = Debug|iPhone
		Debug|iPhoneSimulator = Debug|iPhoneSimulator
		Release|iPhone = Release|iPhone
		Release|iPhoneSimulator = Release|iPhoneSimulator
	EndGlobalSection
	GlobalSection(ProjectConfigurationPlatforms) = postSolution
		{453858E5-5B44-413D-BF03-16572D081FB8}.Debug|iPhone.ActiveCfg = Debug|iPhone
		{453858E5-5B44-413D-BF03-16572D081FB8}.Debug|iPhone.Build.0 = Debug|iPhone
		{453858E5-5B44-413D-BF03-16572D081FB8}.Debug|iPhone.Deploy.0 = Debug|iPhone
		{453858E5-5B44-413D-BF03-16572D081FB8}.Debug|iPhoneSimulator.ActiveCfg = Debug|iPhoneSimulator
		{453858E5-5B44-413D-BF03-16572D081FB8}.Debug|iPhoneSimulator.Build.0 = Debug|iPhoneSimulator
		{453858E5-5B44-413D-BF03-16572D081FB8}.Debug|iPhoneSimulator.Deploy.0 = Debug|iPhoneSimulator
		{453858E5-5B44-413D-BF03-16572D081FB8}.Release|iPhone.ActiveCfg = Release|iPhone
		{453858E5-5B44-413D-BF03-16572D081FB8}.Release|iPhone.Build.0 = Release|iPhone
		{453858E5-5B44-413D-BF03-16572D081FB8}.Release|iPhone.Deploy.0 = Release|iPhone
		{453858E5-5B44-413D-BF03-16572D081FB8}.Release|iPhoneSimulator.ActiveCfg = Release|iPhoneSimulator
		{453858E5-5B44-413D-BF03-16572D081FB8}.Release|iPhoneSimulator.Build.0 = Release|iPhoneSimulator
		{453858E5-5B44-413D-BF03-16572D081FB8}.Release|iPhoneSimulator.Deploy.0 = Release|iPhoneSimulator
	EndGlobalSection
	GlobalSection(SolutionProperties) = preSolution
		HideSolutionNode = FALSE
	EndGlobalSection
	GlobalSection(ExtensibilityGlobals) = postSolution
		SolutionGuid = {2EDDF6FE-CC8F-4360-9A88-D0500B907573}
	EndGlobalSection
EndGlobal
